
Microsoft Visual Studio Solution File, Format Version 12.00
# Visual Studio Version 17
VisualStudioVersion = 17.5.33530.505
MinimumVisualStudioVersion = 10.0.40219.1
Project("{FAE04EC0-301F-11D3-BF4B-00C04F79EFBC}") = "Biao.DesignPatterns", "Biao.DesignPatterns.csproj", "{1EC8FFED-507A-4A4F-A010-642BDE3E4870}"
EndProject
Global
	GlobalSection(SolutionConfigurationPlatforms) = preSolution
		Debug|Any CPU = Debug|Any CPU
		Release|Any CPU = Release|Any CPU
	EndGlobalSection
	GlobalSection(ProjectConfigurationPlatforms) = postSolution
		{1EC8FFED-507A-4A4F-A010-642BDE3E4870}.Debug|Any CPU.ActiveCfg = Debug|Any CPU
		{1EC8FFED-507A-4A4F-A010-642BDE3E4870}.Debug|Any CPU.Build.0 = Debug|Any CPU
		{1EC8FFED-507A-4A4F-A010-642BDE3E4870}.Release|Any CPU.ActiveCfg = Release|Any CPU
		{1EC8FFED-507A-4A4F-A010-642BDE3E4870}.Release|Any CPU.Build.0 = Release|Any CPU
	EndGlobalSection
	GlobalSection(SolutionProperties) = preSolution
		HideSolutionNode = FALSE
	EndGlobalSection
	GlobalSection(ExtensibilityGlobals) = postSolution
		SolutionGuid = {2028FA68-901B-4B75-90B0-A2D5293A7ED4}
	EndGlobalSection
EndGlobal
